
Microsoft Visual Studio Solution File, Format Version 12.00
# Visual Studio 14
VisualStudioVersion = 14.0.22310.1
MinimumVisualStudioVersion = 10.0.40219.1
Project("{FAE04EC0-301F-11D3-BF4B-00C04F79EFBC}") = "YasetApp.WinPhone", "YasetApp\YasetApp.WinPhone\YasetApp.WinPhone.csproj", "{79766C00-C220-4401-ABA4-5C30FDC29C49}"
EndProject
Project("{FAE04EC0-301F-11D3-BF4B-00C04F79EFBC}") = "YasetApp.iOS", "YasetApp\YasetApp.iOS\YasetApp.iOS.csproj", "{BC16B116-8E5B-4981-949C-1D4895ECF079}"
EndProject
Project("{FAE04EC0-301F-11D3-BF4B-00C04F79EFBC}") = "YasetApp.Droid", "YasetApp\YasetApp.Droid\YasetApp.Droid.csproj", "{0F211E3F-C9FB-4C4B-BB7E-A51269B11A79}"
EndProject
Project("{D954291E-2A0B-460D-934E-DC6B0785DB48}") = "YasetApp", "YasetApp\YasetApp\YasetApp.shproj", "{677C3E22-8A13-4B1E-A80A-BE9B6C507F0C}"
EndProject
Global
	GlobalSection(SharedMSBuildProjectFiles) = preSolution
		YasetApp\YasetApp\YasetApp.projitems*{79766c00-c220-4401-aba4-5c30fdc29c49}*SharedItemsImports = 4
		YasetApp\YasetApp\YasetApp.projitems*{677c3e22-8a13-4b1e-a80a-be9b6c507f0c}*SharedItemsImports = 13
	EndGlobalSection
	GlobalSection(SolutionConfigurationPlatforms) = preSolution
		Ad-Hoc|Any CPU = Ad-Hoc|Any CPU
		Ad-Hoc|ARM = Ad-Hoc|ARM
		Ad-Hoc|iPhone = Ad-Hoc|iPhone
		Ad-Hoc|iPhoneSimulator = Ad-Hoc|iPhoneSimulator
		Ad-Hoc|Mixed Platforms = Ad-Hoc|Mixed Platforms
		Ad-Hoc|x86 = Ad-Hoc|x86
		AppStore|Any CPU = AppStore|Any CPU
		AppStore|ARM = AppStore|ARM
		AppStore|iPhone = AppStore|iPhone
		AppStore|iPhoneSimulator = AppStore|iPhoneSimulator
		AppStore|Mixed Platforms = AppStore|Mixed Platforms
		AppStore|x86 = AppStore|x86
		Debug|Any CPU = Debug|Any CPU
		Debug|ARM = Debug|ARM
		Debug|iPhone = Debug|iPhone
		Debug|iPhoneSimulator = Debug|iPhoneSimulator
		Debug|Mixed Platforms = Debug|Mixed Platforms
		Debug|x86 = Debug|x86
		Release|Any CPU = Release|Any CPU
		Release|ARM = Release|ARM
		Release|iPhone = Release|iPhone
		Release|iPhoneSimulator = Release|iPhoneSimulator
		Release|Mixed Platforms = Release|Mixed Platforms
		Release|x86 = Release|x86
	EndGlobalSection
	GlobalSection(ProjectConfigurationPlatforms) = postSolution
		{79766C00-C220-4401-ABA4-5C30FDC29C49}.Ad-Hoc|Any CPU.ActiveCfg = Release|Any CPU
		{79766C00-C220-4401-ABA4-5C30FDC29C49}.Ad-Hoc|Any CPU.Build.0 = Release|Any CPU
		{79766C00-C220-4401-ABA4-5C30FDC29C49}.Ad-Hoc|Any CPU.Deploy.0 = Release|Any CPU
		{79766C00-C220-4401-ABA4-5C30FDC29C49}.Ad-Hoc|ARM.ActiveCfg = Release|ARM
		{79766C00-C220-4401-ABA4-5C30FDC29C49}.Ad-Hoc|ARM.Build.0 = Release|ARM
		{79766C00-C220-4401-ABA4-5C30FDC29C49}.Ad-Hoc|ARM.Deploy.0 = Release|ARM
		{79766C00-C220-4401-ABA4-5C30FDC29C49}.Ad-Hoc|iPhone.ActiveCfg = Release|Any CPU
		{79766C00-C220-4401-ABA4-5C30FDC29C49}.Ad-Hoc|iPhone.Build.0 = Release|Any CPU
		{79766C00-C220-4401-ABA4-5C30FDC29C49}.Ad-Hoc|iPhone.Deploy.0 = Release|Any CPU
		{79766C00-C220-4401-ABA4-5C30FDC29C49}.Ad-Hoc|iPhoneSimulator.ActiveCfg = Release|Any CPU
		{79766C00-C220-4401-ABA4-5C30FDC29C49}.Ad-Hoc|iPhoneSimulator.Build.0 = Release|Any CPU
		{79766C00-C220-4401-ABA4-5C30FDC29C49}.Ad-Hoc|iPhoneSimulator.Deploy.0 = Release|Any CPU
		{79766C00-C220-4401-ABA4-5C30FDC29C49}.Ad-Hoc|Mixed Platforms.ActiveCfg = Release|x86
		{79766C00-C220-4401-ABA4-5C30FDC29C49}.Ad-Hoc|Mixed Platforms.Build.0 = Release|x86
		{79766C00-C220-4401-ABA4-5C30FDC29C49}.Ad-Hoc|Mixed Platforms.Deploy.0 = Release|x86
		{79766C00-C220-4401-ABA4-5C30FDC29C49}.Ad-Hoc|x86.ActiveCfg = Release|x86
		{79766C00-C220-4401-ABA4-5C30FDC29C49}.Ad-Hoc|x86.Build.0 = Release|x86
		{79766C00-C220-4401-ABA4-5C30FDC29C49}.Ad-Hoc|x86.Deploy.0 = Release|x86
		{79766C00-C220-4401-ABA4-5C30FDC29C49}.AppStore|Any CPU.ActiveCfg = Release|Any CPU
		{79766C00-C220-4401-ABA4-5C30FDC29C49}.AppStore|Any CPU.Build.0 = Release|Any CPU
		{79766C00-C220-4401-ABA4-5C30FDC29C49}.AppStore|Any CPU.Deploy.0 = Release|Any CPU
		{79766C00-C220-4401-ABA4-5C30FDC29C49}.AppStore|ARM.ActiveCfg = Release|ARM
		{79766C00-C220-4401-ABA4-5C30FDC29C49}.AppStore|ARM.Build.0 = Release|ARM
		{79766C00-C220-4401-ABA4-5C30FDC29C49}.AppStore|ARM.Deploy.0 = Release|ARM
		{79766C00-C220-4401-ABA4-5C30FDC29C49}.AppStore|iPhone.ActiveCfg = Release|Any CPU
		{79766C00-C220-4401-ABA4-5C30FDC29C49}.AppStore|iPhone.Build.0 = Release|Any CPU
		{79766C00-C220-4401-ABA4-5C30FDC29C49}.AppStore|iPhone.Deploy.0 = Release|Any CPU
		{79766C00-C220-4401-ABA4-5C30FDC29C49}.AppStore|iPhoneSimulator.ActiveCfg = Release|Any CPU
		{79766C00-C220-4401-ABA4-5C30FDC29C49}.AppStore|iPhoneSimulator.Build.0 = Release|Any CPU
		{79766C00-C220-4401-ABA4-5C30FDC29C49}.AppStore|iPhoneSimulator.Deploy.0 = Release|Any CPU
		{79766C00-C220-4401-ABA4-5C30FDC29C49}.AppStore|Mixed Platforms.ActiveCfg = Release|x86
		{79766C00-C220-4401-ABA4-5C30FDC29C49}.AppStore|Mixed Platforms.Build.0 = Release|x86
		{79766C00-C220-4401-ABA4-5C30FDC29C49}.AppStore|Mixed Platforms.Deploy.0 = Release|x86
		{79766C00-C220-4401-ABA4-5C30FDC29C49}.AppStore|x86.ActiveCfg = Release|x86
		{79766C00-C220-4401-ABA4-5C30FDC29C49}.AppStore|x86.Build.0 = Release|x86
		{79766C00-C220-4401-ABA4-5C30FDC29C49}.AppStore|x86.Deploy.0 = Release|x86
		{79766C00-C220-4401-ABA4-5C30FDC29C49}.Debug|Any CPU.ActiveCfg = Debug|Any CPU
		{79766C00-C220-4401-ABA4-5C30FDC29C49}.Debug|Any CPU.Build.0 = Debug|Any CPU
		{79766C00-C220-4401-ABA4-5C30FDC29C49}.Debug|Any CPU.Deploy.0 = Debug|Any CPU
		{79766C00-C220-4401-ABA4-5C30FDC29C49}.Debug|ARM.ActiveCfg = Debug|ARM
		{79766C00-C220-4401-ABA4-5C30FDC29C49}.Debug|ARM.Build.0 = Debug|ARM
		{79766C00-C220-4401-ABA4-5C30FDC29C49}.Debug|ARM.Deploy.0 = Debug|ARM
		{79766C00-C220-4401-ABA4-5C30FDC29C49}.Debug|iPhone.ActiveCfg = Debug|Any CPU
		{79766C00-C220-4401-ABA4-5C30FDC29C49}.Debug|iPhone.Build.0 = Debug|Any CPU
		{79766C00-C220-4401-ABA4-5C30FDC29C49}.Debug|iPhone.Deploy.0 = Debug|Any CPU
		{79766C00-C220-4401-ABA4-5C30FDC29C49}.Debug|iPhoneSimulator.ActiveCfg = Debug|Any CPU
		{79766C00-C220-4401-ABA4-5C30FDC29C49}.Debug|iPhoneSimulator.Build.0 = Debug|Any CPU
		{79766C00-C220-4401-ABA4-5C30FDC29C49}.Debug|iPhoneSimulator.Deploy.0 = Debug|Any CPU
		{79766C00-C220-4401-ABA4-5C30FDC29C49}.Debug|Mixed Platforms.ActiveCfg = Debug|x86
		{79766C00-C220-4401-ABA4-5C30FDC29C49}.Debug|Mixed Platforms.Build.0 = Debug|x86
		{79766C00-C220-4401-ABA4-5C30FDC29C49}.Debug|Mixed Platforms.Deploy.0 = Debug|x86
		{79766C00-C220-4401-ABA4-5C30FDC29C49}.Debug|x86.ActiveCfg = Debug|x86
		{79766C00-C220-4401-ABA4-5C30FDC29C49}.Debug|x86.Build.0 = Debug|x86
		{79766C00-C220-4401-ABA4-5C30FDC29C49}.Debug|x86.Deploy.0 = Debug|x86
		{79766C00-C220-4401-ABA4-5C30FDC29C49}.Release|Any CPU.ActiveCfg = Release|Any CPU
		{79766C00-C220-4401-ABA4-5C30FDC29C49}.Release|Any CPU.Build.0 = Release|Any CPU
		{79766C00-C220-4401-ABA4-5C30FDC29C49}.Release|Any CPU.Deploy.0 = Release|Any CPU
		{79766C00-C220-4401-ABA4-5C30FDC29C49}.Release|ARM.ActiveCfg = Release|ARM
		{79766C00-C220-4401-ABA4-5C30FDC29C49}.Release|ARM.Build.0 = Release|ARM
		{79766C00-C220-4401-ABA4-5C30FDC29C49}.Release|ARM.Deploy.0 = Release|ARM
		{79766C00-C220-4401-ABA4-5C30FDC29C49}.Release|iPhone.ActiveCfg = Release|Any CPU
		{79766C00-C220-4401-ABA4-5C30FDC29C49}.Release|iPhone.Build.0 = Release|Any CPU
		{79766C00-C220-4401-ABA4-5C30FDC29C49}.Release|iPhone.Deploy.0 = Release|Any CPU
		{79766C00-C220-4401-ABA4-5C30FDC29C49}.Release|iPhoneSimulator.ActiveCfg = Release|Any CPU
		{79766C00-C220-4401-ABA4-5C30FDC29C49}.Release|iPhoneSimulator.Build.0 = Release|Any CPU
		{79766C00-C220-4401-ABA4-5C30FDC29C49}.Release|iPhoneSimulator.Deploy.0 = Release|Any CPU
		{79766C00-C220-4401-ABA4-5C30FDC29C49}.Release|Mixed Platforms.ActiveCfg = Release|x86
		{79766C00-C220-4401-ABA4-5C30FDC29C49}.Release|Mixed Platforms.Build.0 = Release|x86
		{79766C00-C220-4401-ABA4-5C30FDC29C49}.Release|Mixed Platforms.Deploy.0 = Release|x86
		{79766C00-C220-4401-ABA4-5C30FDC29C49}.Release|x86.ActiveCfg = Release|x86
		{79766C00-C220-4401-ABA4-5C30FDC29C49}.Release|x86.Build.0 = Release|x86
		{79766C00-C220-4401-ABA4-5C30FDC29C49}.Release|x86.Deploy.0 = Release|x86
		{BC16B116-8E5B-4981-949C-1D4895ECF079}.Ad-Hoc|Any CPU.ActiveCfg = Ad-Hoc|iPhone
		{BC16B116-8E5B-4981-949C-1D4895ECF079}.Ad-Hoc|ARM.ActiveCfg = Ad-Hoc|iPhone
		{BC16B116-8E5B-4981-949C-1D4895ECF079}.Ad-Hoc|iPhone.ActiveCfg = Ad-Hoc|iPhone
		{BC16B116-8E5B-4981-949C-1D4895ECF079}.Ad-Hoc|iPhone.Build.0 = Ad-Hoc|iPhone
		{BC16B116-8E5B-4981-949C-1D4895ECF079}.Ad-Hoc|iPhoneSimulator.ActiveCfg = Ad-Hoc|iPhoneSimulator
		{BC16B116-8E5B-4981-949C-1D4895ECF079}.Ad-Hoc|iPhoneSimulator.Build.0 = Ad-Hoc|iPhoneSimulator
		{BC16B116-8E5B-4981-949C-1D4895ECF079}.Ad-Hoc|Mixed Platforms.ActiveCfg = Ad-Hoc|iPhone
		{BC16B116-8E5B-4981-949C-1D4895ECF079}.Ad-Hoc|Mixed Platforms.Build.0 = Ad-Hoc|iPhone
		{BC16B116-8E5B-4981-949C-1D4895ECF079}.Ad-Hoc|x86.ActiveCfg = Ad-Hoc|iPhone
		{BC16B116-8E5B-4981-949C-1D4895ECF079}.AppStore|Any CPU.ActiveCfg = AppStore|iPhone
		{BC16B116-8E5B-4981-949C-1D4895ECF079}.AppStore|ARM.ActiveCfg = AppStore|iPhone
		{BC16B116-8E5B-4981-949C-1D4895ECF079}.AppStore|iPhone.ActiveCfg = AppStore|iPhone
		{BC16B116-8E5B-4981-949C-1D4895ECF079}.AppStore|iPhone.Build.0 = AppStore|iPhone
		{BC16B116-8E5B-4981-949C-1D4895ECF079}.AppStore|iPhoneSimulator.ActiveCfg = AppStore|iPhoneSimulator
		{BC16B116-8E5B-4981-949C-1D4895ECF079}.AppStore|iPhoneSimulator.Build.0 = AppStore|iPhoneSimulator
		{BC16B116-8E5B-4981-949C-1D4895ECF079}.AppStore|Mixed Platforms.ActiveCfg = AppStore|iPhone
		{BC16B116-8E5B-4981-949C-1D4895ECF079}.AppStore|Mixed Platforms.Build.0 = AppStore|iPhone
		{BC16B116-8E5B-4981-949C-1D4895ECF079}.AppStore|x86.ActiveCfg = AppStore|iPhone
		{BC16B116-8E5B-4981-949C-1D4895ECF079}.Debug|Any CPU.ActiveCfg = Debug|iPhone
		{BC16B116-8E5B-4981-949C-1D4895ECF079}.Debug|ARM.ActiveCfg = Debug|iPhone
		{BC16B116-8E5B-4981-949C-1D4895ECF079}.Debug|iPhone.ActiveCfg = Debug|iPhone
		{BC16B116-8E5B-4981-949C-1D4895ECF079}.Debug|iPhone.Build.0 = Debug|iPhone
		{BC16B116-8E5B-4981-949C-1D4895ECF079}.Debug|iPhoneSimulator.ActiveCfg = Debug|iPhoneSimulator
		{BC16B116-8E5B-4981-949C-1D4895ECF079}.Debug|iPhoneSimulator.Build.0 = Debug|iPhoneSimulator
		{BC16B116-8E5B-4981-949C-1D4895ECF079}.Debug|Mixed Platforms.ActiveCfg = Debug|iPhone
		{BC16B116-8E5B-4981-949C-1D4895ECF079}.Debug|Mixed Platforms.Build.0 = Debug|iPhone
		{BC16B116-8E5B-4981-949C-1D4895ECF079}.Debug|x86.ActiveCfg = Debug|iPhone
		{BC16B116-8E5B-4981-949C-1D4895ECF079}.Release|Any CPU.ActiveCfg = Release|iPhone
		{BC16B116-8E5B-4981-949C-1D4895ECF079}.Release|ARM.ActiveCfg = Release|iPhone
		{BC16B116-8E5B-4981-949C-1D4895ECF079}.Release|iPhone.ActiveCfg = Release|iPhone
		{BC16B116-8E5B-4981-949C-1D4895ECF079}.Release|iPhone.Build.0 = Release|iPhone
		{BC16B116-8E5B-4981-949C-1D4895ECF079}.Release|iPhoneSimulator.ActiveCfg = Release|iPhoneSimulator
		{BC16B116-8E5B-4981-949C-1D4895ECF079}.Release|iPhoneSimulator.Build.0 = Release|iPhoneSimulator
		{BC16B116-8E5B-4981-949C-1D4895ECF079}.Release|Mixed Platforms.ActiveCfg = Release|iPhone
		{BC16B116-8E5B-4981-949C-1D4895ECF079}.Release|Mixed Platforms.Build.0 = Release|iPhone
		{BC16B116-8E5B-4981-949C-1D4895ECF079}.Release|x86.ActiveCfg = Release|iPhone
		{0F211E3F-C9FB-4C4B-BB7E-A51269B11A79}.Ad-Hoc|Any CPU.ActiveCfg = Release|Any CPU
		{0F211E3F-C9FB-4C4B-BB7E-A51269B11A79}.Ad-Hoc|Any CPU.Build.0 = Release|Any CPU
		{0F211E3F-C9FB-4C4B-BB7E-A51269B11A79}.Ad-Hoc|Any CPU.Deploy.0 = Release|Any CPU
		{0F211E3F-C9FB-4C4B-BB7E-A51269B11A79}.Ad-Hoc|ARM.ActiveCfg = Release|Any CPU
		{0F211E3F-C9FB-4C4B-BB7E-A51269B11A79}.Ad-Hoc|ARM.Build.0 = Release|Any CPU
		{0F211E3F-C9FB-4C4B-BB7E-A51269B11A79}.Ad-Hoc|ARM.Deploy.0 = Release|Any CPU
		{0F211E3F-C9FB-4C4B-BB7E-A51269B11A79}.Ad-Hoc|iPhone.ActiveCfg = Release|Any CPU
		{0F211E3F-C9FB-4C4B-BB7E-A51269B11A79}.Ad-Hoc|iPhone.Build.0 = Release|Any CPU
		{0F211E3F-C9FB-4C4B-BB7E-A51269B11A79}.Ad-Hoc|iPhone.Deploy.0 = Release|Any CPU
		{0F211E3F-C9FB-4C4B-BB7E-A51269B11A79}.Ad-Hoc|iPhoneSimulator.ActiveCfg = Release|Any CPU
		{0F211E3F-C9FB-4C4B-BB7E-A51269B11A79}.Ad-Hoc|iPhoneSimulator.Build.0 = Release|Any CPU
		{0F211E3F-C9FB-4C4B-BB7E-A51269B11A79}.Ad-Hoc|iPhoneSimulator.Deploy.0 = Release|Any CPU
		{0F211E3F-C9FB-4C4B-BB7E-A51269B11A79}.Ad-Hoc|Mixed Platforms.ActiveCfg = Release|Any CPU
		{0F211E3F-C9FB-4C4B-BB7E-A51269B11A79}.Ad-Hoc|Mixed Platforms.Build.0 = Release|Any CPU
		{0F211E3F-C9FB-4C4B-BB7E-A51269B11A79}.Ad-Hoc|Mixed Platforms.Deploy.0 = Release|Any CPU
		{0F211E3F-C9FB-4C4B-BB7E-A51269B11A79}.Ad-Hoc|x86.ActiveCfg = Release|Any CPU
		{0F211E3F-C9FB-4C4B-BB7E-A51269B11A79}.Ad-Hoc|x86.Build.0 = Release|Any CPU
		{0F211E3F-C9FB-4C4B-BB7E-A51269B11A79}.Ad-Hoc|x86.Deploy.0 = Release|Any CPU
		{0F211E3F-C9FB-4C4B-BB7E-A51269B11A79}.AppStore|Any CPU.ActiveCfg = Release|Any CPU
		{0F211E3F-C9FB-4C4B-BB7E-A51269B11A79}.AppStore|Any CPU.Build.0 = Release|Any CPU
		{0F211E3F-C9FB-4C4B-BB7E-A51269B11A79}.AppStore|Any CPU.Deploy.0 = Release|Any CPU
		{0F211E3F-C9FB-4C4B-BB7E-A51269B11A79}.AppStore|ARM.ActiveCfg = Release|Any CPU
		{0F211E3F-C9FB-4C4B-BB7E-A51269B11A79}.AppStore|ARM.Build.0 = Release|Any CPU
		{0F211E3F-C9FB-4C4B-BB7E-A51269B11A79}.AppStore|ARM.Deploy.0 = Release|Any CPU
		{0F211E3F-C9FB-4C4B-BB7E-A51269B11A79}.AppStore|iPhone.ActiveCfg = Release|Any CPU
		{0F211E3F-C9FB-4C4B-BB7E-A51269B11A79}.AppStore|iPhone.Build.0 = Release|Any CPU
		{0F211E3F-C9FB-4C4B-BB7E-A51269B11A79}.AppStore|iPhone.Deploy.0 = Release|Any CPU
		{0F211E3F-C9FB-4C4B-BB7E-A51269B11A79}.AppStore|iPhoneSimulator.ActiveCfg = Release|Any CPU
		{0F211E3F-C9FB-4C4B-BB7E-A51269B11A79}.AppStore|iPhoneSimulator.Build.0 = Release|Any CPU
		{0F211E3F-C9FB-4C4B-BB7E-A51269B11A79}.AppStore|iPhoneSimulator.Deploy.0 = Release|Any CPU
		{0F211E3F-C9FB-4C4B-BB7E-A51269B11A79}.AppStore|Mixed Platforms.ActiveCfg = Release|Any CPU
		{0F211E3F-C9FB-4C4B-BB7E-A51269B11A79}.AppStore|Mixed Platforms.Build.0 = Release|Any CPU
		{0F211E3F-C9FB-4C4B-BB7E-A51269B11A79}.AppStore|Mixed Platforms.Deploy.0 = Release|Any CPU
		{0F211E3F-C9FB-4C4B-BB7E-A51269B11A79}.AppStore|x86.ActiveCfg = Release|Any CPU
		{0F211E3F-C9FB-4C4B-BB7E-A51269B11A79}.AppStore|x86.Build.0 = Release|Any CPU
		{0F211E3F-C9FB-4C4B-BB7E-A51269B11A79}.AppStore|x86.Deploy.0 = Release|Any CPU
		{0F211E3F-C9FB-4C4B-BB7E-A51269B11A79}.Debug|Any CPU.ActiveCfg = Debug|Any CPU
		{0F211E3F-C9FB-4C4B-BB7E-A51269B11A79}.Debug|Any CPU.Build.0 = Debug|Any CPU
		{0F211E3F-C9FB-4C4B-BB7E-A51269B11A79}.Debug|Any CPU.Deploy.0 = Debug|Any CPU
		{0F211E3F-C9FB-4C4B-BB7E-A51269B11A79}.Debug|ARM.ActiveCfg = Debug|Any CPU
		{0F211E3F-C9FB-4C4B-BB7E-A51269B11A79}.Debug|ARM.Build.0 = Debug|Any CPU
		{0F211E3F-C9FB-4C4B-BB7E-A51269B11A79}.Debug|ARM.Deploy.0 = Debug|Any CPU
		{0F211E3F-C9FB-4C4B-BB7E-A51269B11A79}.Debug|iPhone.ActiveCfg = Debug|Any CPU
		{0F211E3F-C9FB-4C4B-BB7E-A51269B11A79}.Debug|iPhone.Build.0 = Debug|Any CPU
		{0F211E3F-C9FB-4C4B-BB7E-A51269B11A79}.Debug|iPhone.Deploy.0 = Debug|Any CPU
		{0F211E3F-C9FB-4C4B-BB7E-A51269B11A79}.Debug|iPhoneSimulator.ActiveCfg = Debug|Any CPU
		{0F211E3F-C9FB-4C4B-BB7E-A51269B11A79}.Debug|iPhoneSimulator.Build.0 = Debug|Any CPU
		{0F211E3F-C9FB-4C4B-BB7E-A51269B11A79}.Debug|iPhoneSimulator.Deploy.0 = Debug|Any CPU
		{0F211E3F-C9FB-4C4B-BB7E-A51269B11A79}.Debug|Mixed Platforms.ActiveCfg = Debug|Any CPU
		{0F211E3F-C9FB-4C4B-BB7E-A51269B11A79}.Debug|Mixed Platforms.Build.0 = Debug|Any CPU
		{0F211E3F-C9FB-4C4B-BB7E-A51269B11A79}.Debug|Mixed Platforms.Deploy.0 = Debug|Any CPU
		{0F211E3F-C9FB-4C4B-BB7E-A51269B11A79}.Debug|x86.ActiveCfg = Debug|Any CPU
		{0F211E3F-C9FB-4C4B-BB7E-A51269B11A79}.Debug|x86.Build.0 = Debug|Any CPU
		{0F211E3F-C9FB-4C4B-BB7E-A51269B11A79}.Debug|x86.Deploy.0 = Debug|Any CPU
		{0F211E3F-C9FB-4C4B-BB7E-A51269B11A79}.Release|Any CPU.ActiveCfg = Release|Any CPU
		{0F211E3F-C9FB-4C4B-BB7E-A51269B11A79}.Release|Any CPU.Build.0 = Release|Any CPU
		{0F211E3F-C9FB-4C4B-BB7E-A51269B11A79}.Release|Any CPU.Deploy.0 = Release|Any CPU
		{0F211E3F-C9FB-4C4B-BB7E-A51269B11A79}.Release|ARM.ActiveCfg = Release|Any CPU
		{0F211E3F-C9FB-4C4B-BB7E-A51269B11A79}.Release|ARM.Build.0 = Release|Any CPU
		{0F211E3F-C9FB-4C4B-BB7E-A51269B11A79}.Release|ARM.Deploy.0 = Release|Any CPU
		{0F211E3F-C9FB-4C4B-BB7E-A51269B11A79}.Release|iPhone.ActiveCfg = Release|Any CPU
		{0F211E3F-C9FB-4C4B-BB7E-A51269B11A79}.Release|iPhone.Build.0 = Release|Any CPU
		{0F211E3F-C9FB-4C4B-BB7E-A51269B11A79}.Release|iPhone.Deploy.0 = Release|Any CPU
		{0F211E3F-C9FB-4C4B-BB7E-A51269B11A79}.Release|iPhoneSimulator.ActiveCfg = Release|Any CPU
		{0F211E3F-C9FB-4C4B-BB7E-A51269B11A79}.Release|iPhoneSimulator.Build.0 = Release|Any CPU
		{0F211E3F-C9FB-4C4B-BB7E-A51269B11A79}.Release|iPhoneSimulator.Deploy.0 = Release|Any CPU
		{0F211E3F-C9FB-4C4B-BB7E-A51269B11A79}.Release|Mixed Platforms.ActiveCfg = Release|Any CPU
		{0F211E3F-C9FB-4C4B-BB7E-A51269B11A79}.Release|Mixed Platforms.Build.0 = Release|Any CPU
		{0F211E3F-C9FB-4C4B-BB7E-A51269B11A79}.Release|Mixed Platforms.Deploy.0 = Release|Any CPU
		{0F211E3F-C9FB-4C4B-BB7E-A51269B11A79}.Release|x86.ActiveCfg = Release|Any CPU
		{0F211E3F-C9FB-4C4B-BB7E-A51269B11A79}.Release|x86.Build.0 = Release|Any CPU
		{0F211E3F-C9FB-4C4B-BB7E-A51269B11A79}.Release|x86.Deploy.0 = Release|Any CPU
	EndGlobalSection
	GlobalSection(SolutionProperties) = preSolution
		HideSolutionNode = FALSE
	EndGlobalSection
EndGlobal
